{
  "requires": true,
  "lockfileVersion": 1,
  "dependencies": {
    "@prisma/client": {
      "version": "4.14.1",
      "resolved": "https://registry.npmjs.org/@prisma/client/-/client-4.14.1.tgz",
      "integrity": "sha512-TZIswkeX1ccsHG/eN2kICzg/csXll0osK3EHu1QKd8VJ3XLcXozbNELKkCNfsCUvKJAwPdDtFCzF+O+raIVldw==",
      "requires": {
        "@prisma/engines-version": "4.14.0-67.d9a4c5988f480fa576d43970d5a23641aa77bc9c"
      }
    },
    "@prisma/engines-version": {
      "version": "4.14.0-67.d9a4c5988f480fa576d43970d5a23641aa77bc9c",
      "resolved": "https://registry.npmjs.org/@prisma/engines-version/-/engines-version-4.14.0-67.d9a4c5988f480fa576d43970d5a23641aa77bc9c.tgz",
      "integrity": "sha512-3jum8/YSudeSN0zGW5qkpz+wAN2V/NYCQ+BPjvHYDfWatLWlQkqy99toX0GysDeaUoBIJg1vaz2yKqiA3CFcQw=="
    }
  }
}
